# THIS IS AN AUTOGENERATED FILE. DO NOT EDIT THIS FILE DIRECTLY.
# yarn lockfile v1


json-to-zod@^1.1.2:
  version "1.1.2"
  resolved "https://registry.yarnpkg.com/json-to-zod/-/json-to-zod-1.1.2.tgz#626d4432f329c51089120858c9404234567dda1b"
  integrity sha512-6YDvnY8oOS5v1H1CWUvfNJkCI3SGbmCwWMytndPHzwyrr1K9ayNXL4rvOSf7WCy3c3Pxu2brvt4idZCkKh9gfQ==
  dependencies:
    prettier "^2.3.2"

prettier@^2.3.2:
  version "2.7.1"
  resolved "https://registry.yarnpkg.com/prettier/-/prettier-2.7.1.tgz#e235806850d057f97bb08368a4f7d899f7760c64"
  integrity sha512-ujppO+MkdPqoVINuDFDRLClm7D78qbDt0/NR+wp5FqEZOoTNAjPHWj17QRhu7geIHJfcNhRk1XVQmF8Bp3ye+g==

zod@^3.19.1:
  version "3.19.1"
  resolved "https://registry.yarnpkg.com/zod/-/zod-3.19.1.tgz#112f074a97b50bfc4772d4ad1576814bd8ac4473"
  integrity sha512-LYjZsEDhCdYET9ikFu6dVPGp2YH9DegXjdJToSzD9rO6fy4qiRYFoyEYwps88OseJlPyl2NOe2iJuhEhL7IpEA==
